
Microsoft Visual Studio Solution File, Format Version 12.00
# Visual Studio Version 16
VisualStudioVersion = 16.0.31911.196
MinimumVisualStudioVersion = 10.0.40219.1
Project("{FAE04EC0-301F-11D3-BF4B-00C04F79EFBC}") = "BookStore", "BookStore.csproj", "{5CC0CB92-4A70-4895-937A-1069408FBC5C}"
EndProject
Global
	GlobalSection(SolutionConfigurationPlatforms) = preSolution
		Debug|Any CPU = Debug|Any CPU
		Release|Any CPU = Release|Any CPU
	EndGlobalSection
	GlobalSection(ProjectConfigurationPlatforms) = postSolution
		{5CC0CB92-4A70-4895-937A-1069408FBC5C}.Debug|Any CPU.ActiveCfg = Debug|Any CPU
		{5CC0CB92-4A70-4895-937A-1069408FBC5C}.Debug|Any CPU.Build.0 = Debug|Any CPU
		{5CC0CB92-4A70-4895-937A-1069408FBC5C}.Release|Any CPU.ActiveCfg = Release|Any CPU
		{5CC0CB92-4A70-4895-937A-1069408FBC5C}.Release|Any CPU.Build.0 = Release|Any CPU
	EndGlobalSection
	GlobalSection(SolutionProperties) = preSolution
		HideSolutionNode = FALSE
	EndGlobalSection
	GlobalSection(ExtensibilityGlobals) = postSolution
		SolutionGuid = {C392097C-42F6-4428-AAF2-E5B30ECB5992}
	EndGlobalSection
EndGlobal
